
Microsoft Visual Studio Solution File, Format Version 12.00
# Visual Studio Version 16
VisualStudioVersion = 16.0.30711.63
MinimumVisualStudioVersion = 10.0.40219.1
Project("{FAE04EC0-301F-11D3-BF4B-00C04F79EFBC}") = "RestaurantOrderConsoleUI", "RestaurantOrderConsoleUI\RestaurantOrderConsoleUI.csproj", "{FDE722E8-8E06-4FCF-9C92-A07FD43151A6}"
EndProject
Global
	GlobalSection(SolutionConfigurationPlatforms) = preSolution
		Debug|Any CPU = Debug|Any CPU
		Release|Any CPU = Release|Any CPU
	EndGlobalSection
	GlobalSection(ProjectConfigurationPlatforms) = postSolution
		{FDE722E8-8E06-4FCF-9C92-A07FD43151A6}.Debug|Any CPU.ActiveCfg = Debug|Any CPU
		{FDE722E8-8E06-4FCF-9C92-A07FD43151A6}.Debug|Any CPU.Build.0 = Debug|Any CPU
		{FDE722E8-8E06-4FCF-9C92-A07FD43151A6}.Release|Any CPU.ActiveCfg = Release|Any CPU
		{FDE722E8-8E06-4FCF-9C92-A07FD43151A6}.Release|Any CPU.Build.0 = Release|Any CPU
	EndGlobalSection
	GlobalSection(SolutionProperties) = preSolution
		HideSolutionNode = FALSE
	EndGlobalSection
	GlobalSection(ExtensibilityGlobals) = postSolution
		SolutionGuid = {A7AD6EBE-D0F1-4AB2-B7BA-35D099D12D9B}
	EndGlobalSection
EndGlobal
